Microsoft Visual Studio Solution File, Format Version 12.00
# Visual Studio Version 17
VisualStudioVersion = 17.5.2.0
MinimumVisualStudioVersion = 10.0.40219.1
Project("{FAE04EC0-301F-11D3-BF4B-00C04F79EFBC}") = "VeronicaSofiaPrograParcial", "VeronicaSofiaPrograParcial.csproj", "{33817B61-F93A-52E2-5C85-022F890FDE7A}"
EndProject
Global
	GlobalSection(SolutionConfigurationPlatforms) = preSolution
		Debug|Any CPU = Debug|Any CPU
		Release|Any CPU = Release|Any CPU
	EndGlobalSection
	GlobalSection(ProjectConfigurationPlatforms) = postSolution
		{33817B61-F93A-52E2-5C85-022F890FDE7A}.Debug|Any CPU.ActiveCfg = Debug|Any CPU
		{33817B61-F93A-52E2-5C85-022F890FDE7A}.Debug|Any CPU.Build.0 = Debug|Any CPU
		{33817B61-F93A-52E2-5C85-022F890FDE7A}.Release|Any CPU.ActiveCfg = Release|Any CPU
		{33817B61-F93A-52E2-5C85-022F890FDE7A}.Release|Any CPU.Build.0 = Release|Any CPU
	EndGlobalSection
	GlobalSection(SolutionProperties) = preSolution
		HideSolutionNode = FALSE
	EndGlobalSection
	GlobalSection(ExtensibilityGlobals) = postSolution
		SolutionGuid = {3DEED463-0EA1-4475-97DF-FA033371AA68}
	EndGlobalSection
EndGlobal
